
Microsoft Visual Studio Solution File, Format Version 12.00
# Visual Studio Version 17
VisualStudioVersion = 17.0.32126.317
MinimumVisualStudioVersion = 10.0.40219.1
Project("{FAE04EC0-301F-11D3-BF4B-00C04F79EFBC}") = "RZHDWithDB", "RZHDWithDB.csproj", "{81331AA1-F685-4262-9CFF-DF96C62A424A}"
EndProject
Project("{FAE04EC0-301F-11D3-BF4B-00C04F79EFBC}") = "UnitTestsRZD", "..\UnitTestsRZD\UnitTestsRZD.csproj", "{2D2CB354-35F2-4B4A-9006-8E959FFD7FAC}"
EndProject
Global
	GlobalSection(SolutionConfigurationPlatforms) = preSolution
		Debug|Any CPU = Debug|Any CPU
		Release|Any CPU = Release|Any CPU
	EndGlobalSection
	GlobalSection(ProjectConfigurationPlatforms) = postSolution
		{81331AA1-F685-4262-9CFF-DF96C62A424A}.Debug|Any CPU.ActiveCfg = Debug|Any CPU
		{81331AA1-F685-4262-9CFF-DF96C62A424A}.Debug|Any CPU.Build.0 = Debug|Any CPU
		{81331AA1-F685-4262-9CFF-DF96C62A424A}.Release|Any CPU.ActiveCfg = Release|Any CPU
		{81331AA1-F685-4262-9CFF-DF96C62A424A}.Release|Any CPU.Build.0 = Release|Any CPU
		{2D2CB354-35F2-4B4A-9006-8E959FFD7FAC}.Debug|Any CPU.ActiveCfg = Debug|Any CPU
		{2D2CB354-35F2-4B4A-9006-8E959FFD7FAC}.Debug|Any CPU.Build.0 = Debug|Any CPU
		{2D2CB354-35F2-4B4A-9006-8E959FFD7FAC}.Release|Any CPU.ActiveCfg = Release|Any CPU
		{2D2CB354-35F2-4B4A-9006-8E959FFD7FAC}.Release|Any CPU.Build.0 = Release|Any CPU
	EndGlobalSection
	GlobalSection(SolutionProperties) = preSolution
		HideSolutionNode = FALSE
	EndGlobalSection
	GlobalSection(ExtensibilityGlobals) = postSolution
		SolutionGuid = {F44E5B22-034D-42CB-84D7-2BD0C0C2F6E3}
	EndGlobalSection
EndGlobal
